# This file is automatically @generated by Cargo.
# It is not intended for manual editing.
[[package]]
name = "aoc-2019-day1"
version = "0.1.0"

[[package]]
name = "aoc-2019-day2"
version = "0.1.0"
dependencies = [
 "aoc-2019-intcode 0.1.0",
]

[[package]]
name = "aoc-2019-day3"
version = "0.1.0"

[[package]]
name = "aoc-2019-day4"
version = "0.1.0"

[[package]]
name = "aoc-2019-day5"
version = "0.1.0"
dependencies = [
 "aoc-2019-intcode 0.1.0",
]

[[package]]
name = "aoc-2019-day6"
version = "0.1.0"

[[package]]
name = "aoc-2019-day7"
version = "0.1.0"
dependencies = [
 "aoc-2019-intcode 0.1.0",
]

[[package]]
name = "aoc-2019-day8"
version = "0.1.0"

[[package]]
name = "aoc-2019-intcode"
version = "0.1.0"

